{
  "name": "theoretical-computer-science-prerequisites-book",
  "version": "1.0.0",
  "lockfileVersion": 3,
  "requires": true,
  "packages": {
    "": {
      "name": "theoretical-computer-science-prerequisites-book",
      "version": "1.0.0",
      "license": "CC-BY-NC-SA-4.0",
      "engines": {
        "node": ">=20.0.0"
      }
    }
  }
}
